{
  "originHash" : "925b1f802c4610c9230367fbd21edb531169c4f7c98895a2426490a3519cb924",
  "pins" : [
    {
      "identity" : "ch3",
      "kind" : "remoteSourceControl",
      "location" : "https://github.com/DJBen/Ch3.git",
      "state" : {
        "revision" : "ab0c4d6351bfd966ecb6bd73f95fe569624a038d",
        "version" : "3.6.0-fix"
      }
    },
    {
      "identity" : "satellitekit",
      "kind" : "remoteSourceControl",
      "location" : "https://github.com/DJBen/SatelliteKit.git",
      "state" : {
        "revision" : "d279d1b4ed081e7658eed3f8e9df0fd9c6d5c2ce",
        "version" : "3.0.0"
      }
    },
    {
      "identity" : "sqlite.swift",
      "kind" : "remoteSourceControl",
      "location" : "https://github.com/stephencelis/SQLite.swift.git",
      "state" : {
        "revision" : "392dd6058624d9f6c5b4c769d165ddd8c7293394",
        "version" : "0.15.4"
      }
    },
    {
      "identity" : "swift-toolchain-sqlite",
      "kind" : "remoteSourceControl",
      "location" : "https://github.com/swiftlang/swift-toolchain-sqlite",
      "state" : {
        "revision" : "b626d3002773b1a1304166643e7f118f724b2132",
        "version" : "1.0.4"
      }
    }
  ],
  "version" : 3
}
