// !$*UTF8*$!
{
	archiveVersion = 1;
	classes = {
	};
	objectVersion = 77;
	objects = {

/* Begin PBXBuildFile section */
		FC4FD9112E48499B007B15BD /* StarryNight in Frameworks */ = {isa = PBXBuildFile; productRef = FC4FD9102E48499B007B15BD /* StarryNight */; };
		FCE4F6D12E5F73CA009C3536 /* StarRenderer.swift in Sources */ = {isa = PBXBuildFile; fileRef = FCE4F6CF2E5F73CA009C3536 /* StarRenderer.swift */; };
		FCE4F6D42E5F73CA009C3536 /* AppDelegate.swift in Sources */ = {isa = PBXBuildFile; fileRef = FCE4F6C72E5F73CA009C3536 /* AppDelegate.swift */; };
		FCE4F6D62E5F73CA009C3536 /* CelestialGridRenderer.swift in Sources */ = {isa = PBXBuildFile; fileRef = FCE4F6C92E5F73CA009C3536 /* CelestialGridRenderer.swift */; };
		FCE4F6D72E5F73CA009C3536 /* PlanetariumCameraController.swift in Sources */ = {isa = PBXBuildFile; fileRef = FCE4F6CC2E5F73CA009C3536 /* PlanetariumCameraController.swift */; };
		FCE4F6D82E5F73CA009C3536 /* PlanetariumViewController.swift in Sources */ = {isa = PBXBuildFile; fileRef = FCE4F6CD2E5F73CA009C3536 /* PlanetariumViewController.swift */; };
		FCE4F6D92E5F73CA009C3536 /* MetalViewController.swift in Sources */ = {isa = PBXBuildFile; fileRef = FCE4F6CB2E5F73CA009C3536 /* MetalViewController.swift */; };
		FCE4F6DC2E5F73CA009C3536 /* LaunchScreen.storyboard in Resources */ = {isa = PBXBuildFile; fileRef = FCE4F6CA2E5F73CA009C3536 /* LaunchScreen.storyboard */; };
		FCE4F6DD2E5F73CA009C3536 /* Assets.xcassets in Resources */ = {isa = PBXBuildFile; fileRef = FCE4F6C82E5F73CA009C3536 /* Assets.xcassets */; };
		FCE4F6DE2E5F73CA009C3536 /* Scene.usdz in Resources */ = {isa = PBXBuildFile; fileRef = FCE4F6CE2E5F73CA009C3536 /* Scene.usdz */; };
/* End PBXBuildFile section */

/* Begin PBXFileReference section */
		FC2930632E4061A300F838D9 /* Planetarium.app */ = {isa = PBXFileReference; explicitFileType = wrapper.application; includeInIndex = 0; path = Planetarium.app; sourceTree = BUILT_PRODUCTS_DIR; };
		FCE4F6C72E5F73CA009C3536 /* AppDelegate.swift */ = {isa = PBXFileReference; lastKnownFileType = sourcecode.swift; path = AppDelegate.swift; sourceTree = "<group>"; };
		FCE4F6C82E5F73CA009C3536 /* Assets.xcassets */ = {isa = PBXFileReference; lastKnownFileType = folder.assetcatalog; path = Assets.xcassets; sourceTree = "<group>"; };
		FCE4F6C92E5F73CA009C3536 /* CelestialGridRenderer.swift */ = {isa = PBXFileReference; lastKnownFileType = sourcecode.swift; path = CelestialGridRenderer.swift; sourceTree = "<group>"; };
		FCE4F6CB2E5F73CA009C3536 /* MetalViewController.swift */ = {isa = PBXFileReference; lastKnownFileType = sourcecode.swift; path = MetalViewController.swift; sourceTree = "<group>"; };
		FCE4F6CC2E5F73CA009C3536 /* PlanetariumCameraController.swift */ = {isa = PBXFileReference; lastKnownFileType = sourcecode.swift; path = PlanetariumCameraController.swift; sourceTree = "<group>"; };
		FCE4F6CD2E5F73CA009C3536 /* PlanetariumViewController.swift */ = {isa = PBXFileReference; lastKnownFileType = sourcecode.swift; path = PlanetariumViewController.swift; sourceTree = "<group>"; };
		FCE4F6CE2E5F73CA009C3536 /* Scene.usdz */ = {isa = PBXFileReference; lastKnownFileType = file; path = Scene.usdz; sourceTree = "<group>"; };
		FCE4F6CF2E5F73CA009C3536 /* StarRenderer.swift */ = {isa = PBXFileReference; lastKnownFileType = sourcecode.swift; path = StarRenderer.swift; sourceTree = "<group>"; };
		FCE4F6D02E5F73CA009C3536 /* Base */ = {isa = PBXFileReference; lastKnownFileType = file.storyboard; name = Base; path = Base.lproj/LaunchScreen.storyboard; sourceTree = "<group>"; };
/* End PBXFileReference section */

/* Begin PBXFileSystemSynchronizedRootGroup section */
		FCE4F6E52E5F74AF009C3536 /* Renderer */ = {
			isa = PBXFileSystemSynchronizedRootGroup;
			path = Renderer;
			sourceTree = "<group>";
		};
/* End PBXFileSystemSynchronizedRootGroup section */

/* Begin PBXFrameworksBuildPhase section */
		FC2930602E4061A300F838D9 /* Frameworks */ = {
			isa = PBXFrameworksBuildPhase;
			buildActionMask = 2147483647;
			files = (
				FC4FD9112E48499B007B15BD /* StarryNight in Frameworks */,
			);
			runOnlyForDeploymentPostprocessing = 0;
		};
/* End PBXFrameworksBuildPhase section */

/* Begin PBXGroup section */
		FC29305A2E4061A300F838D9 = {
			isa = PBXGroup;
			children = (
				FCE4F6E52E5F74AF009C3536 /* Renderer */,
				FCE4F6C72E5F73CA009C3536 /* AppDelegate.swift */,
				FCE4F6C82E5F73CA009C3536 /* Assets.xcassets */,
				FCE4F6C92E5F73CA009C3536 /* CelestialGridRenderer.swift */,
				FCE4F6CA2E5F73CA009C3536 /* LaunchScreen.storyboard */,
				FCE4F6CB2E5F73CA009C3536 /* MetalViewController.swift */,
				FCE4F6CC2E5F73CA009C3536 /* PlanetariumCameraController.swift */,
				FCE4F6CD2E5F73CA009C3536 /* PlanetariumViewController.swift */,
				FCE4F6CE2E5F73CA009C3536 /* Scene.usdz */,
				FCE4F6CF2E5F73CA009C3536 /* StarRenderer.swift */,
				FC2930642E4061A300F838D9 /* Products */,
			);
			sourceTree = "<group>";
		};
		FC2930642E4061A300F838D9 /* Products */ = {
			isa = PBXGroup;
			children = (
				FC2930632E4061A300F838D9 /* Planetarium.app */,
			);
			name = Products;
			sourceTree = "<group>";
		};
/* End PBXGroup section */

/* Begin PBXNativeTarget section */
		FC2930622E4061A300F838D9 /* Planetarium */ = {
			isa = PBXNativeTarget;
			buildConfigurationList = FC2930762E4061A400F838D9 /* Build configuration list for PBXNativeTarget "Planetarium" */;
			buildPhases = (
				FC29305F2E4061A300F838D9 /* Sources */,
				FC2930602E4061A300F838D9 /* Frameworks */,
				FC2930612E4061A300F838D9 /* Resources */,
			);
			buildRules = (
			);
			dependencies = (
			);
			fileSystemSynchronizedGroups = (
				FCE4F6E52E5F74AF009C3536 /* Renderer */,
			);
			name = Planetarium;
			packageProductDependencies = (
				FC4FD9102E48499B007B15BD /* StarryNight */,
			);
			productName = Planetarium;
			productReference = FC2930632E4061A300F838D9 /* Planetarium.app */;
			productType = "com.apple.product-type.application";
		};
/* End PBXNativeTarget section */

/* Begin PBXProject section */
		FC29305B2E4061A300F838D9 /* Project object */ = {
			isa = PBXProject;
			attributes = {
				BuildIndependentTargetsInParallel = 1;
				LastSwiftUpdateCheck = 1640;
				LastUpgradeCheck = 1640;
				TargetAttributes = {
					FC2930622E4061A300F838D9 = {
						CreatedOnToolsVersion = 16.4;
					};
				};
			};
			buildConfigurationList = FC29305E2E4061A300F838D9 /* Build configuration list for PBXProject "Planetarium" */;
			developmentRegion = en;
			hasScannedForEncodings = 0;
			knownRegions = (
				en,
				Base,
			);
			mainGroup = FC29305A2E4061A300F838D9;
			minimizedProjectReferenceProxies = 1;
			packageReferences = (
				FC4FD90F2E48499B007B15BD /* XCLocalSwiftPackageReference "../../StarryNight" */,
			);
			preferredProjectObjectVersion = 77;
			productRefGroup = FC2930642E4061A300F838D9 /* Products */;
			projectDirPath = "";
			projectRoot = "";
			targets = (
				FC2930622E4061A300F838D9 /* Planetarium */,
			);
		};
/* End PBXProject section */

/* Begin PBXResourcesBuildPhase section */
		FC2930612E4061A300F838D9 /* Resources */ = {
			isa = PBXResourcesBuildPhase;
			buildActionMask = 2147483647;
			files = (
				FCE4F6DC2E5F73CA009C3536 /* LaunchScreen.storyboard in Resources */,
				FCE4F6DD2E5F73CA009C3536 /* Assets.xcassets in Resources */,
				FCE4F6DE2E5F73CA009C3536 /* Scene.usdz in Resources */,
			);
			runOnlyForDeploymentPostprocessing = 0;
		};
/* End PBXResourcesBuildPhase section */

/* Begin PBXSourcesBuildPhase section */
		FC29305F2E4061A300F838D9 /* Sources */ = {
			isa = PBXSourcesBuildPhase;
			buildActionMask = 2147483647;
			files = (
				FCE4F6D12E5F73CA009C3536 /* StarRenderer.swift in Sources */,
				FCE4F6D42E5F73CA009C3536 /* AppDelegate.swift in Sources */,
				FCE4F6D62E5F73CA009C3536 /* CelestialGridRenderer.swift in Sources */,
				FCE4F6D72E5F73CA009C3536 /* PlanetariumCameraController.swift in Sources */,
				FCE4F6D82E5F73CA009C3536 /* PlanetariumViewController.swift in Sources */,
				FCE4F6D92E5F73CA009C3536 /* MetalViewController.swift in Sources */,
			);
			runOnlyForDeploymentPostprocessing = 0;
		};
/* End PBXSourcesBuildPhase section */

/* Begin PBXVariantGroup section */
		FCE4F6CA2E5F73CA009C3536 /* LaunchScreen.storyboard */ = {
			isa = PBXVariantGroup;
			children = (
				FCE4F6D02E5F73CA009C3536 /* Base */,
			);
			name = LaunchScreen.storyboard;
			sourceTree = "<group>";
		};
/* End PBXVariantGroup section */

/* Begin XCBuildConfiguration section */
		FC2930742E4061A400F838D9 /* Debug */ = {
			isa = XCBuildConfiguration;
			buildSettings = {
				ALWAYS_SEARCH_USER_PATHS = NO;
				ASSETCATALOG_COMPILER_GENERATE_SWIFT_ASSET_SYMBOL_EXTENSIONS = YES;
				CLANG_ANALYZER_NONNULL = YES;
				CLANG_ANALYZER_NUMBER_OBJECT_CONVERSION = YES_AGGRESSIVE;
				CLANG_CXX_LANGUAGE_STANDARD = "gnu++20";
				CLANG_ENABLE_MODULES = YES;
				CLANG_ENABLE_OBJC_ARC = YES;
				CLANG_ENABLE_OBJC_WEAK = YES;
				CLANG_WARN_BLOCK_CAPTURE_AUTORELEASING = YES;
				CLANG_WARN_BOOL_CONVERSION = YES;
				CLANG_WARN_COMMA = YES;
				CLANG_WARN_CONSTANT_CONVERSION = YES;
				CLANG_WARN_DEPRECATED_OBJC_IMPLEMENTATIONS = YES;
				CLANG_WARN_DIRECT_OBJC_ISA_USAGE = YES_ERROR;
				CLANG_WARN_DOCUMENTATION_COMMENTS = YES;
				CLANG_WARN_EMPTY_BODY = YES;
				CLANG_WARN_ENUM_CONVERSION = YES;
				CLANG_WARN_INFINITE_RECURSION = YES;
				CLANG_WARN_INT_CONVERSION = YES;
				CLANG_WARN_NON_LITERAL_NULL_CONVERSION = YES;
				CLANG_WARN_OBJC_IMPLICIT_RETAIN_SELF = YES;
				CLANG_WARN_OBJC_LITERAL_CONVERSION = YES;
				CLANG_WARN_OBJC_ROOT_CLASS = YES_ERROR;
				CLANG_WARN_QUOTED_INCLUDE_IN_FRAMEWORK_HEADER = YES;
				CLANG_WARN_RANGE_LOOP_ANALYSIS = YES;
				CLANG_WARN_STRICT_PROTOTYPES = YES;
				CLANG_WARN_SUSPICIOUS_MOVE = YES;
				CLANG_WARN_UNGUARDED_AVAILABILITY = YES_AGGRESSIVE;
				CLANG_WARN_UNREACHABLE_CODE = YES;
				CLANG_WARN__DUPLICATE_METHOD_MATCH = YES;
				COPY_PHASE_STRIP = NO;
				DEBUG_INFORMATION_FORMAT = dwarf;
				DEVELOPMENT_TEAM = 52RD2GH5DP;
				ENABLE_STRICT_OBJC_MSGSEND = YES;
				ENABLE_TESTABILITY = YES;
				ENABLE_USER_SCRIPT_SANDBOXING = YES;
				GCC_C_LANGUAGE_STANDARD = gnu17;
				GCC_DYNAMIC_NO_PIC = NO;
				GCC_NO_COMMON_BLOCKS = YES;
				GCC_OPTIMIZATION_LEVEL = 0;
				GCC_PREPROCESSOR_DEFINITIONS = (
					"DEBUG=1",
					"$(inherited)",
				);
				GCC_WARN_64_TO_32_BIT_CONVERSION = YES;
				GCC_WARN_ABOUT_RETURN_TYPE = YES_ERROR;
				GCC_WARN_UNDECLARED_SELECTOR = YES;
				GCC_WARN_UNINITIALIZED_AUTOS = YES_AGGRESSIVE;
				GCC_WARN_UNUSED_FUNCTION = YES;
				GCC_WARN_UNUSED_VARIABLE = YES;
				IPHONEOS_DEPLOYMENT_TARGET = 18.5;
				LOCALIZATION_PREFERS_STRING_CATALOGS = YES;
				MTL_ENABLE_DEBUG_INFO = INCLUDE_SOURCE;
				MTL_FAST_MATH = YES;
				ONLY_ACTIVE_ARCH = YES;
				SDKROOT = iphoneos;
				SWIFT_ACTIVE_COMPILATION_CONDITIONS = "DEBUG $(inherited)";
				SWIFT_OPTIMIZATION_LEVEL = "-Onone";
			};
			name = Debug;
		};
		FC2930752E4061A400F838D9 /* Release */ = {
			isa = XCBuildConfiguration;
			buildSettings = {
				ALWAYS_SEARCH_USER_PATHS = NO;
				ASSETCATALOG_COMPILER_GENERATE_SWIFT_ASSET_SYMBOL_EXTENSIONS = YES;
				CLANG_ANALYZER_NONNULL = YES;
				CLANG_ANALYZER_NUMBER_OBJECT_CONVERSION = YES_AGGRESSIVE;
				CLANG_CXX_LANGUAGE_STANDARD = "gnu++20";
				CLANG_ENABLE_MODULES = YES;
				CLANG_ENABLE_OBJC_ARC = YES;
				CLANG_ENABLE_OBJC_WEAK = YES;
				CLANG_WARN_BLOCK_CAPTURE_AUTORELEASING = YES;
				CLANG_WARN_BOOL_CONVERSION = YES;
				CLANG_WARN_COMMA = YES;
				CLANG_WARN_CONSTANT_CONVERSION = YES;
				CLANG_WARN_DEPRECATED_OBJC_IMPLEMENTATIONS = YES;
				CLANG_WARN_DIRECT_OBJC_ISA_USAGE = YES_ERROR;
				CLANG_WARN_DOCUMENTATION_COMMENTS = YES;
				CLANG_WARN_EMPTY_BODY = YES;
				CLANG_WARN_ENUM_CONVERSION = YES;
				CLANG_WARN_INFINITE_RECURSION = YES;
				CLANG_WARN_INT_CONVERSION = YES;
				CLANG_WARN_NON_LITERAL_NULL_CONVERSION = YES;
				CLANG_WARN_OBJC_IMPLICIT_RETAIN_SELF = YES;
				CLANG_WARN_OBJC_LITERAL_CONVERSION = YES;
				CLANG_WARN_OBJC_ROOT_CLASS = YES_ERROR;
				CLANG_WARN_QUOTED_INCLUDE_IN_FRAMEWORK_HEADER = YES;
				CLANG_WARN_RANGE_LOOP_ANALYSIS = YES;
				CLANG_WARN_STRICT_PROTOTYPES = YES;
				CLANG_WARN_SUSPICIOUS_MOVE = YES;
				CLANG_WARN_UNGUARDED_AVAILABILITY = YES_AGGRESSIVE;
				CLANG_WARN_UNREACHABLE_CODE = YES;
				CLANG_WARN__DUPLICATE_METHOD_MATCH = YES;
				COPY_PHASE_STRIP = NO;
				DEBUG_INFORMATION_FORMAT = "dwarf-with-dsym";
				DEVELOPMENT_TEAM = 52RD2GH5DP;
				ENABLE_NS_ASSERTIONS = NO;
				ENABLE_STRICT_OBJC_MSGSEND = YES;
				ENABLE_USER_SCRIPT_SANDBOXING = YES;
				GCC_C_LANGUAGE_STANDARD = gnu17;
				GCC_NO_COMMON_BLOCKS = YES;
				GCC_WARN_64_TO_32_BIT_CONVERSION = YES;
				GCC_WARN_ABOUT_RETURN_TYPE = YES_ERROR;
				GCC_WARN_UNDECLARED_SELECTOR = YES;
				GCC_WARN_UNINITIALIZED_AUTOS = YES_AGGRESSIVE;
				GCC_WARN_UNUSED_FUNCTION = YES;
				GCC_WARN_UNUSED_VARIABLE = YES;
				IPHONEOS_DEPLOYMENT_TARGET = 18.5;
				LOCALIZATION_PREFERS_STRING_CATALOGS = YES;
				MTL_ENABLE_DEBUG_INFO = NO;
				MTL_FAST_MATH = YES;
				SDKROOT = iphoneos;
				SWIFT_COMPILATION_MODE = wholemodule;
				VALIDATE_PRODUCT = YES;
			};
			name = Release;
		};
		FC2930772E4061A400F838D9 /* Debug */ = {
			isa = XCBuildConfiguration;
			buildSettings = {
				ASSETCATALOG_COMPILER_APPICON_NAME = AppIcon;
				ASSETCATALOG_COMPILER_GLOBAL_ACCENT_COLOR_NAME = AccentColor;
				CODE_SIGN_STYLE = Automatic;
				CURRENT_PROJECT_VERSION = 1;
				DEVELOPMENT_TEAM = 52RD2GH5DP;
				GENERATE_INFOPLIST_FILE = YES;
				INFOPLIST_KEY_UIApplicationSupportsIndirectInputEvents = YES;
				INFOPLIST_KEY_UILaunchStoryboardName = LaunchScreen;
				INFOPLIST_KEY_UIStatusBarHidden = YES;
				INFOPLIST_KEY_UISupportedInterfaceOrientations_iPad = "UIInterfaceOrientationPortrait UIInterfaceOrientationPortraitUpsideDown UIInterfaceOrientationLandscapeLeft UIInterfaceOrientationLandscapeRight";
				INFOPLIST_KEY_UISupportedInterfaceOrientations_iPhone = "UIInterfaceOrientationPortrait UIInterfaceOrientationLandscapeLeft UIInterfaceOrientationLandscapeRight";
				LD_RUNPATH_SEARCH_PATHS = (
					"$(inherited)",
					"@executable_path/Frameworks",
				);
				MARKETING_VERSION = 1.0;
				PRODUCT_BUNDLE_IDENTIFIER = io.DJBen.Planetarium;
				PRODUCT_NAME = "$(TARGET_NAME)";
				SWIFT_EMIT_LOC_STRINGS = YES;
				SWIFT_OBJC_BRIDGING_HEADER = Renderer/ShaderTypes.h;
				SWIFT_VERSION = 5.0;
				TARGETED_DEVICE_FAMILY = "1,2";
			};
			name = Debug;
		};
		FC2930782E4061A400F838D9 /* Release */ = {
			isa = XCBuildConfiguration;
			buildSettings = {
				ASSETCATALOG_COMPILER_APPICON_NAME = AppIcon;
				ASSETCATALOG_COMPILER_GLOBAL_ACCENT_COLOR_NAME = AccentColor;
				CODE_SIGN_STYLE = Automatic;
				CURRENT_PROJECT_VERSION = 1;
				DEVELOPMENT_TEAM = 52RD2GH5DP;
				GENERATE_INFOPLIST_FILE = YES;
				INFOPLIST_KEY_UIApplicationSupportsIndirectInputEvents = YES;
				INFOPLIST_KEY_UILaunchStoryboardName = LaunchScreen;
				INFOPLIST_KEY_UIStatusBarHidden = YES;
				INFOPLIST_KEY_UISupportedInterfaceOrientations_iPad = "UIInterfaceOrientationPortrait UIInterfaceOrientationPortraitUpsideDown UIInterfaceOrientationLandscapeLeft UIInterfaceOrientationLandscapeRight";
				INFOPLIST_KEY_UISupportedInterfaceOrientations_iPhone = "UIInterfaceOrientationPortrait UIInterfaceOrientationLandscapeLeft UIInterfaceOrientationLandscapeRight";
				LD_RUNPATH_SEARCH_PATHS = (
					"$(inherited)",
					"@executable_path/Frameworks",
				);
				MARKETING_VERSION = 1.0;
				PRODUCT_BUNDLE_IDENTIFIER = io.DJBen.Planetarium;
				PRODUCT_NAME = "$(TARGET_NAME)";
				SWIFT_EMIT_LOC_STRINGS = YES;
				SWIFT_OBJC_BRIDGING_HEADER = Renderer/ShaderTypes.h;
				SWIFT_VERSION = 5.0;
				TARGETED_DEVICE_FAMILY = "1,2";
			};
			name = Release;
		};
/* End XCBuildConfiguration section */

/* Begin XCConfigurationList section */
		FC29305E2E4061A300F838D9 /* Build configuration list for PBXProject "Planetarium" */ = {
			isa = XCConfigurationList;
			buildConfigurations = (
				FC2930742E4061A400F838D9 /* Debug */,
				FC2930752E4061A400F838D9 /* Release */,
			);
			defaultConfigurationIsVisible = 0;
			defaultConfigurationName = Release;
		};
		FC2930762E4061A400F838D9 /* Build configuration list for PBXNativeTarget "Planetarium" */ = {
			isa = XCConfigurationList;
			buildConfigurations = (
				FC2930772E4061A400F838D9 /* Debug */,
				FC2930782E4061A400F838D9 /* Release */,
			);
			defaultConfigurationIsVisible = 0;
			defaultConfigurationName = Release;
		};
/* End XCConfigurationList section */

/* Begin XCLocalSwiftPackageReference section */
		FC4FD90F2E48499B007B15BD /* XCLocalSwiftPackageReference "../../StarryNight" */ = {
			isa = XCLocalSwiftPackageReference;
			relativePath = ../../StarryNight;
		};
/* End XCLocalSwiftPackageReference section */

/* Begin XCSwiftPackageProductDependency section */
		FC4FD9102E48499B007B15BD /* StarryNight */ = {
			isa = XCSwiftPackageProductDependency;
			productName = StarryNight;
		};
/* End XCSwiftPackageProductDependency section */
	};
	rootObject = FC29305B2E4061A300F838D9 /* Project object */;
}
